
Microsoft Visual Studio Solution File, Format Version 12.00
# Visual Studio Version 17
VisualStudioVersion = 17.3.32929.385
MinimumVisualStudioVersion = 10.0.40219.1
Project("{FAE04EC0-301F-11D3-BF4B-00C04F79EFBC}") = "Zadanie3_PM01_N1", "Zadanie3_PM01_N1\Zadanie3_PM01_N1.csproj", "{962B742F-7E99-4E69-9C90-07F606EFEB02}"
EndProject
Global
	GlobalSection(SolutionConfigurationPlatforms) = preSolution
		Debug|Any CPU = Debug|Any CPU
		Release|Any CPU = Release|Any CPU
	EndGlobalSection
	GlobalSection(ProjectConfigurationPlatforms) = postSolution
		{962B742F-7E99-4E69-9C90-07F606EFEB02}.Debug|Any CPU.ActiveCfg = Debug|Any CPU
		{962B742F-7E99-4E69-9C90-07F606EFEB02}.Debug|Any CPU.Build.0 = Debug|Any CPU
		{962B742F-7E99-4E69-9C90-07F606EFEB02}.Release|Any CPU.ActiveCfg = Release|Any CPU
		{962B742F-7E99-4E69-9C90-07F606EFEB02}.Release|Any CPU.Build.0 = Release|Any CPU
	EndGlobalSection
	GlobalSection(SolutionProperties) = preSolution
		HideSolutionNode = FALSE
	EndGlobalSection
	GlobalSection(ExtensibilityGlobals) = postSolution
		SolutionGuid = {98C11C70-F834-46BF-A359-263C7D963003}
	EndGlobalSection
EndGlobal
